
Microsoft Visual Studio Solution File, Format Version 12.00
# Visual Studio Version 16
VisualStudioVersion = 25.0.1706.0
MinimumVisualStudioVersion = 10.0.40219.1
Project("{FAE04EC0-301F-11D3-BF4B-00C04F79EFBC}") = "TEST22", "TEST22.csproj", "{94D56584-3BC9-4814-942B-A4A9A72EABD4}"
EndProject
Global
	GlobalSection(SolutionConfigurationPlatforms) = preSolution
		Debug|Any CPU = Debug|Any CPU
		Release|Any CPU = Release|Any CPU
	EndGlobalSection
	GlobalSection(ProjectConfigurationPlatforms) = postSolution
		{94D56584-3BC9-4814-942B-A4A9A72EABD4}.Debug|Any CPU.ActiveCfg = Debug|Any CPU
		{94D56584-3BC9-4814-942B-A4A9A72EABD4}.Debug|Any CPU.Build.0 = Debug|Any CPU
		{94D56584-3BC9-4814-942B-A4A9A72EABD4}.Release|Any CPU.ActiveCfg = Release|Any CPU
		{94D56584-3BC9-4814-942B-A4A9A72EABD4}.Release|Any CPU.Build.0 = Release|Any CPU
	EndGlobalSection
	GlobalSection(SolutionProperties) = preSolution
		HideSolutionNode = FALSE
	EndGlobalSection
	GlobalSection(ExtensibilityGlobals) = postSolution
		SolutionGuid = {C839D3CC-6182-4529-AC4F-35230C474E73}
	EndGlobalSection
EndGlobal
